
Microsoft Visual Studio Solution File, Format Version 12.00
# Visual Studio 14
VisualStudioVersion = 14.0.25123.0
MinimumVisualStudioVersion = 10.0.40219.1
Project("{8BC9CEB8-8B4A-11D0-8D11-00A0C91BC942}") = "ObRegisterCallBacksByPassOfLowHigCallBacks", "ObRegisterCallBacksByPass\ObRegisterCallBacksByPass.vcxproj", "{85CAA109-13AB-42A5-8B89-804912C6FA6B}"
EndProject
Project("{8BC9CEB8-8B4A-11D0-8D11-00A0C91BC942}") = "RestoreAccess", "RestoreAccess\RestoreAccess.vcxproj", "{626BBF17-D2F0-462B-AA17-7F1C17857EDC}"
EndProject
Project("{8BC9CEB8-8B4A-11D0-8D11-00A0C91BC942}") = "RestoreAccessApp", "RestoreAccessApp\RestoreAccessApp.vcxproj", "{D702D7FC-2A72-4EEB-97F0-8B7E20C4D420}"
EndProject
Project("{8BC9CEB8-8B4A-11D0-8D11-00A0C91BC942}") = "RestoreAccessWin7x64", "RestoreAccessWin7x64\RestoreAccessWin7x64.vcxproj", "{23C57196-4E29-4F1C-A611-DB4E0DE304C7}"
EndProject
Project("{8BC9CEB8-8B4A-11D0-8D11-00A0C91BC942}") = "RestoreAccessExWin7x64", "RestoreAccessExWin7x64\RestoreAccessExWin7x64.vcxproj", "{8528F33F-2335-48EF-A5A6-8E7C60D0822A}"
EndProject
Global
	GlobalSection(SolutionConfigurationPlatforms) = preSolution
		Debug|ARM = Debug|ARM
		Debug|ARM64 = Debug|ARM64
		Debug|x64 = Debug|x64
		Debug|x86 = Debug|x86
		Release|ARM = Release|ARM
		Release|ARM64 = Release|ARM64
		Release|x64 = Release|x64
		Release|x86 = Release|x86
	EndGlobalSection
	GlobalSection(ProjectConfigurationPlatforms) = postSolution
		{85CAA109-13AB-42A5-8B89-804912C6FA6B}.Debug|ARM.ActiveCfg = Debug|ARM
		{85CAA109-13AB-42A5-8B89-804912C6FA6B}.Debug|ARM.Build.0 = Debug|ARM
		{85CAA109-13AB-42A5-8B89-804912C6FA6B}.Debug|ARM.Deploy.0 = Debug|ARM
		{85CAA109-13AB-42A5-8B89-804912C6FA6B}.Debug|ARM64.ActiveCfg = Debug|ARM64
		{85CAA109-13AB-42A5-8B89-804912C6FA6B}.Debug|ARM64.Build.0 = Debug|ARM64
		{85CAA109-13AB-42A5-8B89-804912C6FA6B}.Debug|ARM64.Deploy.0 = Debug|ARM64
		{85CAA109-13AB-42A5-8B89-804912C6FA6B}.Debug|x64.ActiveCfg = Debug|x64
		{85CAA109-13AB-42A5-8B89-804912C6FA6B}.Debug|x64.Build.0 = Debug|x64
		{85CAA109-13AB-42A5-8B89-804912C6FA6B}.Debug|x64.Deploy.0 = Debug|x64
		{85CAA109-13AB-42A5-8B89-804912C6FA6B}.Debug|x86.ActiveCfg = Debug|Win32
		{85CAA109-13AB-42A5-8B89-804912C6FA6B}.Debug|x86.Build.0 = Debug|Win32
		{85CAA109-13AB-42A5-8B89-804912C6FA6B}.Debug|x86.Deploy.0 = Debug|Win32
		{85CAA109-13AB-42A5-8B89-804912C6FA6B}.Release|ARM.ActiveCfg = Release|ARM
		{85CAA109-13AB-42A5-8B89-804912C6FA6B}.Release|ARM.Build.0 = Release|ARM
		{85CAA109-13AB-42A5-8B89-804912C6FA6B}.Release|ARM.Deploy.0 = Release|ARM
		{85CAA109-13AB-42A5-8B89-804912C6FA6B}.Release|ARM64.ActiveCfg = Release|ARM64
		{85CAA109-13AB-42A5-8B89-804912C6FA6B}.Release|ARM64.Build.0 = Release|ARM64
		{85CAA109-13AB-42A5-8B89-804912C6FA6B}.Release|ARM64.Deploy.0 = Release|ARM64
		{85CAA109-13AB-42A5-8B89-804912C6FA6B}.Release|x64.ActiveCfg = Release|x64
		{85CAA109-13AB-42A5-8B89-804912C6FA6B}.Release|x64.Build.0 = Release|x64
		{85CAA109-13AB-42A5-8B89-804912C6FA6B}.Release|x64.Deploy.0 = Release|x64
		{85CAA109-13AB-42A5-8B89-804912C6FA6B}.Release|x86.ActiveCfg = Release|Win32
		{85CAA109-13AB-42A5-8B89-804912C6FA6B}.Release|x86.Build.0 = Release|Win32
		{85CAA109-13AB-42A5-8B89-804912C6FA6B}.Release|x86.Deploy.0 = Release|Win32
		{626BBF17-D2F0-462B-AA17-7F1C17857EDC}.Debug|ARM.ActiveCfg = Debug|ARM
		{626BBF17-D2F0-462B-AA17-7F1C17857EDC}.Debug|ARM.Build.0 = Debug|ARM
		{626BBF17-D2F0-462B-AA17-7F1C17857EDC}.Debug|ARM.Deploy.0 = Debug|ARM
		{626BBF17-D2F0-462B-AA17-7F1C17857EDC}.Debug|ARM64.ActiveCfg = Debug|ARM64
		{626BBF17-D2F0-462B-AA17-7F1C17857EDC}.Debug|ARM64.Build.0 = Debug|ARM64
		{626BBF17-D2F0-462B-AA17-7F1C17857EDC}.Debug|ARM64.Deploy.0 = Debug|ARM64
		{626BBF17-D2F0-462B-AA17-7F1C17857EDC}.Debug|x64.ActiveCfg = Debug|x64
		{626BBF17-D2F0-462B-AA17-7F1C17857EDC}.Debug|x64.Build.0 = Debug|x64
		{626BBF17-D2F0-462B-AA17-7F1C17857EDC}.Debug|x64.Deploy.0 = Debug|x64
		{626BBF17-D2F0-462B-AA17-7F1C17857EDC}.Debug|x86.ActiveCfg = Debug|Win32
		{626BBF17-D2F0-462B-AA17-7F1C17857EDC}.Debug|x86.Build.0 = Debug|Win32
		{626BBF17-D2F0-462B-AA17-7F1C17857EDC}.Debug|x86.Deploy.0 = Debug|Win32
		{626BBF17-D2F0-462B-AA17-7F1C17857EDC}.Release|ARM.ActiveCfg = Release|ARM
		{626BBF17-D2F0-462B-AA17-7F1C17857EDC}.Release|ARM.Build.0 = Release|ARM
		{626BBF17-D2F0-462B-AA17-7F1C17857EDC}.Release|ARM.Deploy.0 = Release|ARM
		{626BBF17-D2F0-462B-AA17-7F1C17857EDC}.Release|ARM64.ActiveCfg = Release|ARM64
		{626BBF17-D2F0-462B-AA17-7F1C17857EDC}.Release|ARM64.Build.0 = Release|ARM64
		{626BBF17-D2F0-462B-AA17-7F1C17857EDC}.Release|ARM64.Deploy.0 = Release|ARM64
		{626BBF17-D2F0-462B-AA17-7F1C17857EDC}.Release|x64.ActiveCfg = Release|x64
		{626BBF17-D2F0-462B-AA17-7F1C17857EDC}.Release|x64.Build.0 = Release|x64
		{626BBF17-D2F0-462B-AA17-7F1C17857EDC}.Release|x64.Deploy.0 = Release|x64
		{626BBF17-D2F0-462B-AA17-7F1C17857EDC}.Release|x86.ActiveCfg = Release|Win32
		{626BBF17-D2F0-462B-AA17-7F1C17857EDC}.Release|x86.Build.0 = Release|Win32
		{626BBF17-D2F0-462B-AA17-7F1C17857EDC}.Release|x86.Deploy.0 = Release|Win32
		{D702D7FC-2A72-4EEB-97F0-8B7E20C4D420}.Debug|ARM.ActiveCfg = Debug|Win32
		{D702D7FC-2A72-4EEB-97F0-8B7E20C4D420}.Debug|ARM64.ActiveCfg = Debug|Win32
		{D702D7FC-2A72-4EEB-97F0-8B7E20C4D420}.Debug|x64.ActiveCfg = Debug|x64
		{D702D7FC-2A72-4EEB-97F0-8B7E20C4D420}.Debug|x64.Build.0 = Debug|x64
		{D702D7FC-2A72-4EEB-97F0-8B7E20C4D420}.Debug|x86.ActiveCfg = Debug|Win32
		{D702D7FC-2A72-4EEB-97F0-8B7E20C4D420}.Debug|x86.Build.0 = Debug|Win32
		{D702D7FC-2A72-4EEB-97F0-8B7E20C4D420}.Release|ARM.ActiveCfg = Release|Win32
		{D702D7FC-2A72-4EEB-97F0-8B7E20C4D420}.Release|ARM64.ActiveCfg = Release|Win32
		{D702D7FC-2A72-4EEB-97F0-8B7E20C4D420}.Release|x64.ActiveCfg = Release|x64
		{D702D7FC-2A72-4EEB-97F0-8B7E20C4D420}.Release|x64.Build.0 = Release|x64
		{D702D7FC-2A72-4EEB-97F0-8B7E20C4D420}.Release|x86.ActiveCfg = Release|Win32
		{D702D7FC-2A72-4EEB-97F0-8B7E20C4D420}.Release|x86.Build.0 = Release|Win32
		{23C57196-4E29-4F1C-A611-DB4E0DE304C7}.Debug|ARM.ActiveCfg = Debug|ARM
		{23C57196-4E29-4F1C-A611-DB4E0DE304C7}.Debug|ARM.Build.0 = Debug|ARM
		{23C57196-4E29-4F1C-A611-DB4E0DE304C7}.Debug|ARM.Deploy.0 = Debug|ARM
		{23C57196-4E29-4F1C-A611-DB4E0DE304C7}.Debug|ARM64.ActiveCfg = Debug|ARM64
		{23C57196-4E29-4F1C-A611-DB4E0DE304C7}.Debug|ARM64.Build.0 = Debug|ARM64
		{23C57196-4E29-4F1C-A611-DB4E0DE304C7}.Debug|ARM64.Deploy.0 = Debug|ARM64
		{23C57196-4E29-4F1C-A611-DB4E0DE304C7}.Debug|x64.ActiveCfg = Debug|x64
		{23C57196-4E29-4F1C-A611-DB4E0DE304C7}.Debug|x64.Build.0 = Debug|x64
		{23C57196-4E29-4F1C-A611-DB4E0DE304C7}.Debug|x64.Deploy.0 = Debug|x64
		{23C57196-4E29-4F1C-A611-DB4E0DE304C7}.Debug|x86.ActiveCfg = Debug|Win32
		{23C57196-4E29-4F1C-A611-DB4E0DE304C7}.Debug|x86.Build.0 = Debug|Win32
		{23C57196-4E29-4F1C-A611-DB4E0DE304C7}.Debug|x86.Deploy.0 = Debug|Win32
		{23C57196-4E29-4F1C-A611-DB4E0DE304C7}.Release|ARM.ActiveCfg = Release|ARM
		{23C57196-4E29-4F1C-A611-DB4E0DE304C7}.Release|ARM.Build.0 = Release|ARM
		{23C57196-4E29-4F1C-A611-DB4E0DE304C7}.Release|ARM.Deploy.0 = Release|ARM
		{23C57196-4E29-4F1C-A611-DB4E0DE304C7}.Release|ARM64.ActiveCfg = Release|ARM64
		{23C57196-4E29-4F1C-A611-DB4E0DE304C7}.Release|ARM64.Build.0 = Release|ARM64
		{23C57196-4E29-4F1C-A611-DB4E0DE304C7}.Release|ARM64.Deploy.0 = Release|ARM64
		{23C57196-4E29-4F1C-A611-DB4E0DE304C7}.Release|x64.ActiveCfg = Release|x64
		{23C57196-4E29-4F1C-A611-DB4E0DE304C7}.Release|x64.Build.0 = Release|x64
		{23C57196-4E29-4F1C-A611-DB4E0DE304C7}.Release|x64.Deploy.0 = Release|x64
		{23C57196-4E29-4F1C-A611-DB4E0DE304C7}.Release|x86.ActiveCfg = Release|Win32
		{23C57196-4E29-4F1C-A611-DB4E0DE304C7}.Release|x86.Build.0 = Release|Win32
		{23C57196-4E29-4F1C-A611-DB4E0DE304C7}.Release|x86.Deploy.0 = Release|Win32
		{8528F33F-2335-48EF-A5A6-8E7C60D0822A}.Debug|ARM.ActiveCfg = Debug|ARM
		{8528F33F-2335-48EF-A5A6-8E7C60D0822A}.Debug|ARM.Build.0 = Debug|ARM
		{8528F33F-2335-48EF-A5A6-8E7C60D0822A}.Debug|ARM.Deploy.0 = Debug|ARM
		{8528F33F-2335-48EF-A5A6-8E7C60D0822A}.Debug|ARM64.ActiveCfg = Debug|ARM64
		{8528F33F-2335-48EF-A5A6-8E7C60D0822A}.Debug|ARM64.Build.0 = Debug|ARM64
		{8528F33F-2335-48EF-A5A6-8E7C60D0822A}.Debug|ARM64.Deploy.0 = Debug|ARM64
		{8528F33F-2335-48EF-A5A6-8E7C60D0822A}.Debug|x64.ActiveCfg = Debug|x64
		{8528F33F-2335-48EF-A5A6-8E7C60D0822A}.Debug|x64.Build.0 = Debug|x64
		{8528F33F-2335-48EF-A5A6-8E7C60D0822A}.Debug|x64.Deploy.0 = Debug|x64
		{8528F33F-2335-48EF-A5A6-8E7C60D0822A}.Debug|x86.ActiveCfg = Debug|Win32
		{8528F33F-2335-48EF-A5A6-8E7C60D0822A}.Debug|x86.Build.0 = Debug|Win32
		{8528F33F-2335-48EF-A5A6-8E7C60D0822A}.Debug|x86.Deploy.0 = Debug|Win32
		{8528F33F-2335-48EF-A5A6-8E7C60D0822A}.Release|ARM.ActiveCfg = Release|ARM
		{8528F33F-2335-48EF-A5A6-8E7C60D0822A}.Release|ARM.Build.0 = Release|ARM
		{8528F33F-2335-48EF-A5A6-8E7C60D0822A}.Release|ARM.Deploy.0 = Release|ARM
		{8528F33F-2335-48EF-A5A6-8E7C60D0822A}.Release|ARM64.ActiveCfg = Release|ARM64
		{8528F33F-2335-48EF-A5A6-8E7C60D0822A}.Release|ARM64.Build.0 = Release|ARM64
		{8528F33F-2335-48EF-A5A6-8E7C60D0822A}.Release|ARM64.Deploy.0 = Release|ARM64
		{8528F33F-2335-48EF-A5A6-8E7C60D0822A}.Release|x64.ActiveCfg = Release|x64
		{8528F33F-2335-48EF-A5A6-8E7C60D0822A}.Release|x64.Build.0 = Release|x64
		{8528F33F-2335-48EF-A5A6-8E7C60D0822A}.Release|x64.Deploy.0 = Release|x64
		{8528F33F-2335-48EF-A5A6-8E7C60D0822A}.Release|x86.ActiveCfg = Release|Win32
		{8528F33F-2335-48EF-A5A6-8E7C60D0822A}.Release|x86.Build.0 = Release|Win32
		{8528F33F-2335-48EF-A5A6-8E7C60D0822A}.Release|x86.Deploy.0 = Release|Win32
	EndGlobalSection
	GlobalSection(SolutionProperties) = preSolution
		HideSolutionNode = FALSE
	EndGlobalSection
EndGlobal
